<?xml version="1.0" encoding="utf-8"?>
<Project ToolsVersion="4.0" xmlns="http://schemas.microsoft.com/developer/msbuild/2003">
  <ItemGroup>
    <Filter Include="소스 파일">
      <UniqueIdentifier>{4FC737F1-C7A5-4376-A066-2A32D752A2FF}</UniqueIdentifier>
      <Extensions>cpp;c;cc;cxx;def;odl;idl;hpj;bat;asm;asmx</Extensions>
    </Filter>
    <Filter Include="헤더 파일">
      <UniqueIdentifier>{93995380-89BD-4b04-88EB-625FBE52EBFB}</UniqueIdentifier>
      <Extensions>h;hpp;hxx;hm;inl;inc;xsd</Extensions>
    </Filter>
    <Filter Include="리소스 파일">
      <UniqueIdentifier>{67DA6AB6-F800-4c08-8B7A-83BB121AAD01}</UniqueIdentifier>
      <Extensions>rc;ico;cur;bmp;dlg;rc2;rct;bin;rgs;gif;jpg;jpeg;jpe;resx;tiff;tif;png;wav;mfcribbon-ms</Extensions>
    </Filter>
    <Filter Include="소스 파일\Net">
      <UniqueIdentifier>{9819d917-2a79-4fd3-8709-7792ec6366b8}</UniqueIdentifier>
    </Filter>
    <Filter Include="소스 파일\Util">
      <UniqueIdentifier>{505c48df-53ef-47a1-a273-5a069609e2dd}</UniqueIdentifier>
    </Filter>
    <Filter Include="소스 파일\DataBase">
      <UniqueIdentifier>{8be83083-9cd3-4a59-9f1a-eab6e2d630d9}</UniqueIdentifier>
    </Filter>
    <Filter Include="소스 파일\DataBase\BlackList">
      <UniqueIdentifier>{a2043931-5d4c-48ab-b37a-cc33f7b2a30d}</UniqueIdentifier>
    </Filter>
    <Filter Include="소스 파일\DataBase\Common">
      <UniqueIdentifier>{fd0d00f6-f228-40de-a7c0-c68491c17ae4}</UniqueIdentifier>
    </Filter>
    <Filter Include="소스 파일\Server">
      <UniqueIdentifier>{67214841-ed6c-4c61-97e2-0a1b8505fd90}</UniqueIdentifier>
    </Filter>
    <Filter Include="소스 파일\Server\Control">
      <UniqueIdentifier>{489aab5b-95b6-4224-a768-8ed7970d33c6}</UniqueIdentifier>
    </Filter>
    <Filter Include="소스 파일\Server\Protocol">
      <UniqueIdentifier>{d1411d54-e638-4f7f-b578-f18a22f9287b}</UniqueIdentifier>
    </Filter>
    <Filter Include="소스 파일\Server\Handling">
      <UniqueIdentifier>{8237b415-101d-4fff-9024-8cae8428dd67}</UniqueIdentifier>
    </Filter>
    <Filter Include="소스 파일\Server\Handling\Handler">
      <UniqueIdentifier>{7e156869-34bb-452c-94ff-883f50ea20ff}</UniqueIdentifier>
    </Filter>
    <Filter Include="소스 파일\Interface">
      <UniqueIdentifier>{992590d3-2b7b-4c99-8f34-68cbe11f17d5}</UniqueIdentifier>
    </Filter>
    <Filter Include="소스 파일\Interface\Message">
      <UniqueIdentifier>{fc107c64-2914-48d0-87f7-c51dba7697bc}</UniqueIdentifier>
    </Filter>
    <Filter Include="소스 파일\Interface\User">
      <UniqueIdentifier>{1ad69c63-aeb8-438e-abbb-07cf1d565301}</UniqueIdentifier>
    </Filter>
    <Filter Include="소스 파일\Interface\Payment">
      <UniqueIdentifier>{a88ee589-1a45-4d2f-a742-0acb059de93f}</UniqueIdentifier>
    </Filter>
    <Filter Include="소스 파일\Server\Handling\Defination">
      <UniqueIdentifier>{410f1a25-17d7-4bed-8982-7f86cc744236}</UniqueIdentifier>
    </Filter>
    <Filter Include="소스 파일\Monitor">
      <UniqueIdentifier>{0dfab465-0f0b-41f9-a246-c1761b0e48d6}</UniqueIdentifier>
    </Filter>
    <Filter Include="소스 파일\Interface\Following">
      <UniqueIdentifier>{d97b023c-5ea2-4b5c-ab9b-9847abbeac2b}</UniqueIdentifier>
    </Filter>
    <Filter Include="note">
      <UniqueIdentifier>{b43b0a1c-7efd-4cc9-9b77-e3fd19570344}</UniqueIdentifier>
    </Filter>
    <Filter Include="소스 파일\Net\GCM">
      <UniqueIdentifier>{4d04df51-d4d7-4015-9176-cb62d42de92d}</UniqueIdentifier>
    </Filter>
    <Filter Include="소스 파일\Net\Packet">
      <UniqueIdentifier>{c79d9ffa-857b-418a-8a63-8dbdfca18ec5}</UniqueIdentifier>
    </Filter>
    <Filter Include="소스 파일\Interface\Photo">
      <UniqueIdentifier>{22797e1b-bbe0-4e03-aefb-0070d9069090}</UniqueIdentifier>
    </Filter>
    <Filter Include="소스 파일\Interface\Location">
      <UniqueIdentifier>{f5cff129-32b4-4851-be0e-964d18c6ed0d}</UniqueIdentifier>
    </Filter>
  </ItemGroup>
  <ItemGroup>
    <Text Include="ReadMe.txt" />
    <Text Include="note\note.txt">
      <Filter>note</Filter>
    </Text>
  </ItemGroup>
  <ItemGroup>
    <ClInclude Include="stdafx.h">
      <Filter>헤더 파일</Filter>
    </ClInclude>
    <ClInclude Include="targetver.h">
      <Filter>헤더 파일</Filter>
    </ClInclude>
    <ClInclude Include="log.h">
      <Filter>소스 파일\Util</Filter>
    </ClInclude>
    <ClInclude Include="blacklist.h">
      <Filter>소스 파일\DataBase\BlackList</Filter>
    </ClInclude>
    <ClInclude Include="database.h">
      <Filter>소스 파일\DataBase\Common</Filter>
    </ClInclude>
    <ClInclude Include="Server.h">
      <Filter>소스 파일\Server</Filter>
    </ClInclude>
    <ClInclude Include="ServerController.h">
      <Filter>소스 파일\Server\Control</Filter>
    </ClInclude>
    <ClInclude Include="Protocol.h">
      <Filter>소스 파일\Server\Protocol</Filter>
    </ClInclude>
    <ClInclude Include="User.h">
      <Filter>소스 파일\Interface\User</Filter>
    </ClInclude>
    <ClInclude Include="StrUtil.h">
      <Filter>소스 파일\Util</Filter>
    </ClInclude>
    <ClInclude Include="ServerHandler.h">
      <Filter>소스 파일\Server\Handling</Filter>
    </ClInclude>
    <ClInclude Include="Message.h">
      <Filter>소스 파일\Interface\Message</Filter>
    </ClInclude>
    <ClInclude Include="Payment.h">
      <Filter>소스 파일\Interface\Payment</Filter>
    </ClInclude>
    <ClInclude Include="reason.h">
      <Filter>소스 파일\Server\Handling\Defination</Filter>
    </ClInclude>
    <ClInclude Include="monitor.h">
      <Filter>소스 파일\Monitor</Filter>
    </ClInclude>
    <ClInclude Include="follow.h">
      <Filter>소스 파일\Interface\Following</Filter>
    </ClInclude>
    <ClInclude Include="NetPacket.h">
      <Filter>소스 파일\Net\Packet</Filter>
    </ClInclude>
    <ClInclude Include="NetSocket_Bsd.h">
      <Filter>소스 파일\Net\Packet</Filter>
    </ClInclude>
    <ClInclude Include="NetSocket_Windows.h">
      <Filter>소스 파일\Net\Packet</Filter>
    </ClInclude>
    <ClInclude Include="photo.h">
      <Filter>소스 파일\Interface\Photo</Filter>
    </ClInclude>
    <ClInclude Include="resource.h">
      <Filter>헤더 파일</Filter>
    </ClInclude>
    <ClInclude Include="location.h">
      <Filter>소스 파일\Interface\Location</Filter>
    </ClInclude>
    <ClInclude Include="sysutil.h">
      <Filter>소스 파일\Util</Filter>
    </ClInclude>
    <ClInclude Include="util.h">
      <Filter>소스 파일\Util</Filter>
    </ClInclude>
  </ItemGroup>
  <ItemGroup>
    <ClCompile Include="stdafx.cpp">
      <Filter>소스 파일</Filter>
    </ClCompile>
    <ClCompile Include="main.cpp">
      <Filter>소스 파일</Filter>
    </ClCompile>
    <ClCompile Include="log.cpp">
      <Filter>소스 파일\Util</Filter>
    </ClCompile>
    <ClCompile Include="blacklist.cpp">
      <Filter>소스 파일\DataBase\BlackList</Filter>
    </ClCompile>
    <ClCompile Include="database.cpp">
      <Filter>소스 파일\DataBase\Common</Filter>
    </ClCompile>
    <ClCompile Include="ServerMain.cpp">
      <Filter>소스 파일\Server</Filter>
    </ClCompile>
    <ClCompile Include="ControlShell.cpp">
      <Filter>소스 파일\Server\Control</Filter>
    </ClCompile>
    <ClCompile Include="User.cpp">
      <Filter>소스 파일\Interface\User</Filter>
    </ClCompile>
    <ClCompile Include="database_cubrid.cpp">
      <Filter>소스 파일\DataBase\Common</Filter>
    </ClCompile>
    <ClCompile Include="Session.cpp">
      <Filter>소스 파일\Interface\User</Filter>
    </ClCompile>
    <ClCompile Include="ConnectionHandler.cpp">
      <Filter>소스 파일\Server\Handling\Handler</Filter>
    </ClCompile>
    <ClCompile Include="LoginHandler.cpp">
      <Filter>소스 파일\Server\Handling\Handler</Filter>
    </ClCompile>
    <ClCompile Include="RegistHandler.cpp">
      <Filter>소스 파일\Server\Handling\Handler</Filter>
    </ClCompile>
    <ClCompile Include="UserHandler.cpp">
      <Filter>소스 파일\Server\Handling\Handler</Filter>
    </ClCompile>
    <ClCompile Include="ServerHandler.cpp">
      <Filter>소스 파일\Server\Handling</Filter>
    </ClCompile>
    <ClCompile Include="Message.cpp">
      <Filter>소스 파일\Interface\Message</Filter>
    </ClCompile>
    <ClCompile Include="MessageHandler.cpp">
      <Filter>소스 파일\Server\Handling\Handler</Filter>
    </ClCompile>
    <ClCompile Include="Payment.cpp">
      <Filter>소스 파일\Interface\Payment</Filter>
    </ClCompile>
    <ClCompile Include="PaymentHandler.cpp">
      <Filter>소스 파일\Server\Handling\Handler</Filter>
    </ClCompile>
    <ClCompile Include="Monitor.cpp">
      <Filter>소스 파일\Monitor</Filter>
    </ClCompile>
    <ClCompile Include="follow.cpp">
      <Filter>소스 파일\Interface\Following</Filter>
    </ClCompile>
    <ClCompile Include="FollowHandler.cpp">
      <Filter>소스 파일\Server\Handling\Handler</Filter>
    </ClCompile>
    <ClCompile Include="PacketPacker.cpp">
      <Filter>소스 파일\Net\Packet</Filter>
    </ClCompile>
    <ClCompile Include="gcm.cpp">
      <Filter>소스 파일\Net\GCM</Filter>
    </ClCompile>
    <ClCompile Include="database_mysql.cpp">
      <Filter>소스 파일\DataBase\Common</Filter>
    </ClCompile>
    <ClCompile Include="Photo.cpp">
      <Filter>소스 파일\Interface\Photo</Filter>
    </ClCompile>
    <ClCompile Include="PhotoHandler.cpp">
      <Filter>소스 파일\Server\Handling\Handler</Filter>
    </ClCompile>
    <ClCompile Include="Monitor_Connection.cpp">
      <Filter>소스 파일\Monitor</Filter>
    </ClCompile>
    <ClCompile Include="location.cpp">
      <Filter>소스 파일\Interface\Location</Filter>
    </ClCompile>
    <ClCompile Include="LocationHandler.cpp">
      <Filter>소스 파일\Server\Handling\Handler</Filter>
    </ClCompile>
  </ItemGroup>
  <ItemGroup>
    <ResourceCompile Include="Resource.rc">
      <Filter>리소스 파일</Filter>
    </ResourceCompile>
  </ItemGroup>
</Project>